
Microsoft Visual Studio Solution File, Format Version 10.00
# Visual Studio 2008
Project("{FAE04EC0-301F-11D3-BF4B-00C04F79EFBC}") = "Picking", "Picking.csproj", "{D0C3BDA2-2CD9-422F-83B8-F6676931282E}"
EndProject
Global
	GlobalSection(SolutionConfigurationPlatforms) = preSolution
		Debug|Any CPU = Debug|Any CPU
		Release|Any CPU = Release|Any CPU
	EndGlobalSection
	GlobalSection(ProjectConfigurationPlatforms) = postSolution
		{D0C3BDA2-2CD9-422F-83B8-F6676931282E}.Debug|Any CPU.ActiveCfg = Debug|Any CPU
		{D0C3BDA2-2CD9-422F-83B8-F6676931282E}.Debug|Any CPU.Build.0 = Debug|Any CPU
		{D0C3BDA2-2CD9-422F-83B8-F6676931282E}.Debug|Any CPU.Deploy.0 = Debug|Any CPU
		{D0C3BDA2-2CD9-422F-83B8-F6676931282E}.Release|Any CPU.ActiveCfg = Release|Any CPU
		{D0C3BDA2-2CD9-422F-83B8-F6676931282E}.Release|Any CPU.Build.0 = Release|Any CPU
		{D0C3BDA2-2CD9-422F-83B8-F6676931282E}.Release|Any CPU.Deploy.0 = Release|Any CPU
	EndGlobalSection
	GlobalSection(SolutionProperties) = preSolution
		HideSolutionNode = FALSE
	EndGlobalSection
EndGlobal
